// !$*UTF8*$!
{
	archiveVersion = 1;
	classes = {
	};
	objectVersion = 56;
	objects = {

/* Begin PBXBuildFile section */
		8732C60E2A9C452400D7F25A /* App.swift in Sources */ = {isa = PBXBuildFile; fileRef = 8732C60D2A9C452400D7F25A /* App.swift */; };
		8732C6122A9C452400D7F25A /* Assets.xcassets in Resources */ = {isa = PBXBuildFile; fileRef = 8732C6112A9C452400D7F25A /* Assets.xcassets */; };
		8732C6152A9C452400D7F25A /* Preview Assets.xcassets in Resources */ = {isa = PBXBuildFile; fileRef = 8732C6142A9C452400D7F25A /* Preview Assets.xcassets */; };
		87624E0B2A9CCF1E00F7D1D4 /* ContactsFeatureTests.swift in Sources */ = {isa = PBXBuildFile; fileRef = 87624E0A2A9CCF1E00F7D1D4 /* ContactsFeatureTests.swift */; };
		87624E112A9CD0D900F7D1D4 /* ContactsFeature.swift in Sources */ = {isa = PBXBuildFile; fileRef = 877CF14A2A9C928F00B2299F /* ContactsFeature.swift */; };
		87624E122A9CD0ED00F7D1D4 /* AddContactFeature.swift in Sources */ = {isa = PBXBuildFile; fileRef = 877CF14E2A9C95AD00B2299F /* AddContactFeature.swift */; };
		87624E132A9CD0F100F7D1D4 /* Contact.swift in Sources */ = {isa = PBXBuildFile; fileRef = 877CF15B2A9CA61C00B2299F /* Contact.swift */; };
		87624E152A9CDEED00F7D1D4 /* ContactDetailFeature.swift in Sources */ = {isa = PBXBuildFile; fileRef = 87624E142A9CDEED00F7D1D4 /* ContactDetailFeature.swift */; };
		87624E172A9CDF5600F7D1D4 /* ContactDetailView.swift in Sources */ = {isa = PBXBuildFile; fileRef = 87624E162A9CDF5600F7D1D4 /* ContactDetailView.swift */; };
		877CF12E2A9C463800B2299F /* ComposableArchitecture in Frameworks */ = {isa = PBXBuildFile; productRef = 877CF12D2A9C463800B2299F /* ComposableArchitecture */; };
		877CF1302A9C464E00B2299F /* CounterFeature.swift in Sources */ = {isa = PBXBuildFile; fileRef = 877CF12F2A9C464E00B2299F /* CounterFeature.swift */; };
		877CF1322A9C4B5500B2299F /* CounterView.swift in Sources */ = {isa = PBXBuildFile; fileRef = 877CF1312A9C4B5500B2299F /* CounterView.swift */; };
		877CF1402A9C779100B2299F /* CounterFeatureTests.swift in Sources */ = {isa = PBXBuildFile; fileRef = 877CF13F2A9C779100B2299F /* CounterFeatureTests.swift */; };
		877CF1462A9C77CD00B2299F /* CounterFeature.swift in Sources */ = {isa = PBXBuildFile; fileRef = 877CF12F2A9C464E00B2299F /* CounterFeature.swift */; };
		877CF1482A9C8CAB00B2299F /* NumberFactClient.swift in Sources */ = {isa = PBXBuildFile; fileRef = 877CF1472A9C8CAB00B2299F /* NumberFactClient.swift */; };
		877CF1492A9C8CAF00B2299F /* NumberFactClient.swift in Sources */ = {isa = PBXBuildFile; fileRef = 877CF1472A9C8CAB00B2299F /* NumberFactClient.swift */; };
		877CF14B2A9C928F00B2299F /* ContactsFeature.swift in Sources */ = {isa = PBXBuildFile; fileRef = 877CF14A2A9C928F00B2299F /* ContactsFeature.swift */; };
		877CF14D2A9C938B00B2299F /* ContactsView.swift in Sources */ = {isa = PBXBuildFile; fileRef = 877CF14C2A9C938B00B2299F /* ContactsView.swift */; };
		877CF14F2A9C95AD00B2299F /* AddContactFeature.swift in Sources */ = {isa = PBXBuildFile; fileRef = 877CF14E2A9C95AD00B2299F /* AddContactFeature.swift */; };
		877CF1512A9C96A100B2299F /* AddContactView.swift in Sources */ = {isa = PBXBuildFile; fileRef = 877CF1502A9C96A100B2299F /* AddContactView.swift */; };
		877CF15C2A9CA61C00B2299F /* Contact.swift in Sources */ = {isa = PBXBuildFile; fileRef = 877CF15B2A9CA61C00B2299F /* Contact.swift */; };
/* End PBXBuildFile section */

/* Begin PBXContainerItemProxy section */
		87624E0C2A9CCF1E00F7D1D4 /* PBXContainerItemProxy */ = {
			isa = PBXContainerItemProxy;
			containerPortal = 8732C6022A9C452300D7F25A /* Project object */;
			proxyType = 1;
			remoteGlobalIDString = 8732C6092A9C452400D7F25A;
			remoteInfo = StudyTCA;
		};
		877CF1412A9C779100B2299F /* PBXContainerItemProxy */ = {
			isa = PBXContainerItemProxy;
			containerPortal = 8732C6022A9C452300D7F25A /* Project object */;
			proxyType = 1;
			remoteGlobalIDString = 8732C6092A9C452400D7F25A;
			remoteInfo = StudyTCA;
		};
/* End PBXContainerItemProxy section */

/* Begin PBXFileReference section */
		8732C60A2A9C452400D7F25A /* StudyTCA.app */ = {isa = PBXFileReference; explicitFileType = wrapper.application; includeInIndex = 0; path = StudyTCA.app; sourceTree = BUILT_PRODUCTS_DIR; };
		8732C60D2A9C452400D7F25A /* App.swift */ = {isa = PBXFileReference; lastKnownFileType = sourcecode.swift; path = App.swift; sourceTree = "<group>"; };
		8732C6112A9C452400D7F25A /* Assets.xcassets */ = {isa = PBXFileReference; lastKnownFileType = folder.assetcatalog; path = Assets.xcassets; sourceTree = "<group>"; };
		8732C6142A9C452400D7F25A /* Preview Assets.xcassets */ = {isa = PBXFileReference; lastKnownFileType = folder.assetcatalog; path = "Preview Assets.xcassets"; sourceTree = "<group>"; };
		87624E082A9CCF1E00F7D1D4 /* ContactsFeatureTests.xctest */ = {isa = PBXFileReference; explicitFileType = wrapper.cfbundle; includeInIndex = 0; path = ContactsFeatureTests.xctest; sourceTree = BUILT_PRODUCTS_DIR; };
		87624E0A2A9CCF1E00F7D1D4 /* ContactsFeatureTests.swift */ = {isa = PBXFileReference; lastKnownFileType = sourcecode.swift; path = ContactsFeatureTests.swift; sourceTree = "<group>"; };
		87624E142A9CDEED00F7D1D4 /* ContactDetailFeature.swift */ = {isa = PBXFileReference; lastKnownFileType = sourcecode.swift; path = ContactDetailFeature.swift; sourceTree = "<group>"; };
		87624E162A9CDF5600F7D1D4 /* ContactDetailView.swift */ = {isa = PBXFileReference; lastKnownFileType = sourcecode.swift; path = ContactDetailView.swift; sourceTree = "<group>"; };
		877CF12F2A9C464E00B2299F /* CounterFeature.swift */ = {isa = PBXFileReference; lastKnownFileType = sourcecode.swift; path = CounterFeature.swift; sourceTree = "<group>"; };
		877CF1312A9C4B5500B2299F /* CounterView.swift */ = {isa = PBXFileReference; lastKnownFileType = sourcecode.swift; path = CounterView.swift; sourceTree = "<group>"; };
		877CF1352A9C6C3800B2299F /* Info.plist */ = {isa = PBXFileReference; lastKnownFileType = text.plist; path = Info.plist; sourceTree = "<group>"; };
		877CF13D2A9C779100B2299F /* CounterFeatureTests.xctest */ = {isa = PBXFileReference; explicitFileType = wrapper.cfbundle; includeInIndex = 0; path = CounterFeatureTests.xctest; sourceTree = BUILT_PRODUCTS_DIR; };
		877CF13F2A9C779100B2299F /* CounterFeatureTests.swift */ = {isa = PBXFileReference; lastKnownFileType = sourcecode.swift; path = CounterFeatureTests.swift; sourceTree = "<group>"; };
		877CF1472A9C8CAB00B2299F /* NumberFactClient.swift */ = {isa = PBXFileReference; lastKnownFileType = sourcecode.swift; path = NumberFactClient.swift; sourceTree = "<group>"; };
		877CF14A2A9C928F00B2299F /* ContactsFeature.swift */ = {isa = PBXFileReference; lastKnownFileType = sourcecode.swift; path = ContactsFeature.swift; sourceTree = "<group>"; };
		877CF14C2A9C938B00B2299F /* ContactsView.swift */ = {isa = PBXFileReference; lastKnownFileType = sourcecode.swift; path = ContactsView.swift; sourceTree = "<group>"; };
		877CF14E2A9C95AD00B2299F /* AddContactFeature.swift */ = {isa = PBXFileReference; lastKnownFileType = sourcecode.swift; path = AddContactFeature.swift; sourceTree = "<group>"; };
		877CF1502A9C96A100B2299F /* AddContactView.swift */ = {isa = PBXFileReference; lastKnownFileType = sourcecode.swift; path = AddContactView.swift; sourceTree = "<group>"; };
		877CF15B2A9CA61C00B2299F /* Contact.swift */ = {isa = PBXFileReference; lastKnownFileType = sourcecode.swift; path = Contact.swift; sourceTree = "<group>"; };
/* End PBXFileReference section */

/* Begin PBXFrameworksBuildPhase section */
		8732C6072A9C452400D7F25A /* Frameworks */ = {
			isa = PBXFrameworksBuildPhase;
			buildActionMask = 2147483647;
			files = (
				877CF12E2A9C463800B2299F /* ComposableArchitecture in Frameworks */,
			);
			runOnlyForDeploymentPostprocessing = 0;
		};
		87624E052A9CCF1E00F7D1D4 /* Frameworks */ = {
			isa = PBXFrameworksBuildPhase;
			buildActionMask = 2147483647;
			files = (
			);
			runOnlyForDeploymentPostprocessing = 0;
		};
		877CF13A2A9C779100B2299F /* Frameworks */ = {
			isa = PBXFrameworksBuildPhase;
			buildActionMask = 2147483647;
			files = (
			);
			runOnlyForDeploymentPostprocessing = 0;
		};
/* End PBXFrameworksBuildPhase section */

/* Begin PBXGroup section */
		8732C6012A9C452300D7F25A = {
			isa = PBXGroup;
			children = (
				8732C60C2A9C452400D7F25A /* StudyTCA */,
				877CF13E2A9C779100B2299F /* CounterFeatureTests */,
				87624E092A9CCF1E00F7D1D4 /* ContactsFeatureTests */,
				8732C60B2A9C452400D7F25A /* Products */,
			);
			sourceTree = "<group>";
		};
		8732C60B2A9C452400D7F25A /* Products */ = {
			isa = PBXGroup;
			children = (
				8732C60A2A9C452400D7F25A /* StudyTCA.app */,
				877CF13D2A9C779100B2299F /* CounterFeatureTests.xctest */,
				87624E082A9CCF1E00F7D1D4 /* ContactsFeatureTests.xctest */,
			);
			name = Products;
			sourceTree = "<group>";
		};
		8732C60C2A9C452400D7F25A /* StudyTCA */ = {
			isa = PBXGroup;
			children = (
				8732C60D2A9C452400D7F25A /* App.swift */,
				877CF1522A9C9F1F00B2299F /* View */,
				877CF1532A9C9F3F00B2299F /* Feature */,
				877CF15A2A9CA5F600B2299F /* Model */,
				877CF1552A9C9F7D00B2299F /* Interface */,
				877CF1352A9C6C3800B2299F /* Info.plist */,
				8732C6112A9C452400D7F25A /* Assets.xcassets */,
				8732C6132A9C452400D7F25A /* Preview Content */,
			);
			path = StudyTCA;
			sourceTree = "<group>";
		};
		8732C6132A9C452400D7F25A /* Preview Content */ = {
			isa = PBXGroup;
			children = (
				8732C6142A9C452400D7F25A /* Preview Assets.xcassets */,
			);
			path = "Preview Content";
			sourceTree = "<group>";
		};
		87624E092A9CCF1E00F7D1D4 /* ContactsFeatureTests */ = {
			isa = PBXGroup;
			children = (
				87624E0A2A9CCF1E00F7D1D4 /* ContactsFeatureTests.swift */,
			);
			path = ContactsFeatureTests;
			sourceTree = "<group>";
		};
		877CF13E2A9C779100B2299F /* CounterFeatureTests */ = {
			isa = PBXGroup;
			children = (
				877CF13F2A9C779100B2299F /* CounterFeatureTests.swift */,
			);
			path = CounterFeatureTests;
			sourceTree = "<group>";
		};
		877CF1522A9C9F1F00B2299F /* View */ = {
			isa = PBXGroup;
			children = (
				877CF1312A9C4B5500B2299F /* CounterView.swift */,
				877CF14C2A9C938B00B2299F /* ContactsView.swift */,
				877CF1502A9C96A100B2299F /* AddContactView.swift */,
				87624E162A9CDF5600F7D1D4 /* ContactDetailView.swift */,
			);
			path = View;
			sourceTree = "<group>";
		};
		877CF1532A9C9F3F00B2299F /* Feature */ = {
			isa = PBXGroup;
			children = (
				877CF12F2A9C464E00B2299F /* CounterFeature.swift */,
				877CF14A2A9C928F00B2299F /* ContactsFeature.swift */,
				877CF14E2A9C95AD00B2299F /* AddContactFeature.swift */,
				87624E142A9CDEED00F7D1D4 /* ContactDetailFeature.swift */,
			);
			path = Feature;
			sourceTree = "<group>";
		};
		877CF1552A9C9F7D00B2299F /* Interface */ = {
			isa = PBXGroup;
			children = (
				877CF1472A9C8CAB00B2299F /* NumberFactClient.swift */,
			);
			path = Interface;
			sourceTree = "<group>";
		};
		877CF15A2A9CA5F600B2299F /* Model */ = {
			isa = PBXGroup;
			children = (
				877CF15B2A9CA61C00B2299F /* Contact.swift */,
			);
			path = Model;
			sourceTree = "<group>";
		};
/* End PBXGroup section */

/* Begin PBXNativeTarget section */
		8732C6092A9C452400D7F25A /* StudyTCA */ = {
			isa = PBXNativeTarget;
			buildConfigurationList = 8732C6182A9C452400D7F25A /* Build configuration list for PBXNativeTarget "StudyTCA" */;
			buildPhases = (
				8732C6062A9C452400D7F25A /* Sources */,
				8732C6072A9C452400D7F25A /* Frameworks */,
				8732C6082A9C452400D7F25A /* Resources */,
			);
			buildRules = (
			);
			dependencies = (
			);
			name = StudyTCA;
			packageProductDependencies = (
				877CF12D2A9C463800B2299F /* ComposableArchitecture */,
			);
			productName = StudyTCA;
			productReference = 8732C60A2A9C452400D7F25A /* StudyTCA.app */;
			productType = "com.apple.product-type.application";
		};
		87624E072A9CCF1E00F7D1D4 /* ContactsFeatureTests */ = {
			isa = PBXNativeTarget;
			buildConfigurationList = 87624E102A9CCF1E00F7D1D4 /* Build configuration list for PBXNativeTarget "ContactsFeatureTests" */;
			buildPhases = (
				87624E042A9CCF1E00F7D1D4 /* Sources */,
				87624E052A9CCF1E00F7D1D4 /* Frameworks */,
				87624E062A9CCF1E00F7D1D4 /* Resources */,
			);
			buildRules = (
			);
			dependencies = (
				87624E0D2A9CCF1E00F7D1D4 /* PBXTargetDependency */,
			);
			name = ContactsFeatureTests;
			productName = ContactsFeatureTests;
			productReference = 87624E082A9CCF1E00F7D1D4 /* ContactsFeatureTests.xctest */;
			productType = "com.apple.product-type.bundle.unit-test";
		};
		877CF13C2A9C779100B2299F /* CounterFeatureTests */ = {
			isa = PBXNativeTarget;
			buildConfigurationList = 877CF1432A9C779100B2299F /* Build configuration list for PBXNativeTarget "CounterFeatureTests" */;
			buildPhases = (
				877CF1392A9C779100B2299F /* Sources */,
				877CF13A2A9C779100B2299F /* Frameworks */,
				877CF13B2A9C779100B2299F /* Resources */,
			);
			buildRules = (
			);
			dependencies = (
				877CF1422A9C779100B2299F /* PBXTargetDependency */,
			);
			name = CounterFeatureTests;
			productName = CounterFeatureTests;
			productReference = 877CF13D2A9C779100B2299F /* CounterFeatureTests.xctest */;
			productType = "com.apple.product-type.bundle.unit-test";
		};
/* End PBXNativeTarget section */

/* Begin PBXProject section */
		8732C6022A9C452300D7F25A /* Project object */ = {
			isa = PBXProject;
			attributes = {
				BuildIndependentTargetsInParallel = 1;
				LastSwiftUpdateCheck = 1430;
				LastUpgradeCheck = 1430;
				TargetAttributes = {
					8732C6092A9C452400D7F25A = {
						CreatedOnToolsVersion = 14.3;
					};
					87624E072A9CCF1E00F7D1D4 = {
						CreatedOnToolsVersion = 14.3;
						TestTargetID = 8732C6092A9C452400D7F25A;
					};
					877CF13C2A9C779100B2299F = {
						CreatedOnToolsVersion = 14.3;
						TestTargetID = 8732C6092A9C452400D7F25A;
					};
				};
			};
			buildConfigurationList = 8732C6052A9C452300D7F25A /* Build configuration list for PBXProject "StudyTCA" */;
			compatibilityVersion = "Xcode 14.0";
			developmentRegion = en;
			hasScannedForEncodings = 0;
			knownRegions = (
				en,
				Base,
			);
			mainGroup = 8732C6012A9C452300D7F25A;
			packageReferences = (
				877CF12C2A9C463800B2299F /* XCRemoteSwiftPackageReference "swift-composable-architecture" */,
			);
			productRefGroup = 8732C60B2A9C452400D7F25A /* Products */;
			projectDirPath = "";
			projectRoot = "";
			targets = (
				8732C6092A9C452400D7F25A /* StudyTCA */,
				877CF13C2A9C779100B2299F /* CounterFeatureTests */,
				87624E072A9CCF1E00F7D1D4 /* ContactsFeatureTests */,
			);
		};
/* End PBXProject section */

/* Begin PBXResourcesBuildPhase section */
		8732C6082A9C452400D7F25A /* Resources */ = {
			isa = PBXResourcesBuildPhase;
			buildActionMask = 2147483647;
			files = (
				8732C6152A9C452400D7F25A /* Preview Assets.xcassets in Resources */,
				8732C6122A9C452400D7F25A /* Assets.xcassets in Resources */,
			);
			runOnlyForDeploymentPostprocessing = 0;
		};
		87624E062A9CCF1E00F7D1D4 /* Resources */ = {
			isa = PBXResourcesBuildPhase;
			buildActionMask = 2147483647;
			files = (
			);
			runOnlyForDeploymentPostprocessing = 0;
		};
		877CF13B2A9C779100B2299F /* Resources */ = {
			isa = PBXResourcesBuildPhase;
			buildActionMask = 2147483647;
			files = (
			);
			runOnlyForDeploymentPostprocessing = 0;
		};
/* End PBXResourcesBuildPhase section */

/* Begin PBXSourcesBuildPhase section */
		8732C6062A9C452400D7F25A /* Sources */ = {
			isa = PBXSourcesBuildPhase;
			buildActionMask = 2147483647;
			files = (
				87624E152A9CDEED00F7D1D4 /* ContactDetailFeature.swift in Sources */,
				877CF15C2A9CA61C00B2299F /* Contact.swift in Sources */,
				877CF1302A9C464E00B2299F /* CounterFeature.swift in Sources */,
				877CF1322A9C4B5500B2299F /* CounterView.swift in Sources */,
				8732C60E2A9C452400D7F25A /* App.swift in Sources */,
				877CF14D2A9C938B00B2299F /* ContactsView.swift in Sources */,
				877CF1482A9C8CAB00B2299F /* NumberFactClient.swift in Sources */,
				877CF14B2A9C928F00B2299F /* ContactsFeature.swift in Sources */,
				877CF14F2A9C95AD00B2299F /* AddContactFeature.swift in Sources */,
				87624E172A9CDF5600F7D1D4 /* ContactDetailView.swift in Sources */,
				877CF1512A9C96A100B2299F /* AddContactView.swift in Sources */,
			);
			runOnlyForDeploymentPostprocessing = 0;
		};
		87624E042A9CCF1E00F7D1D4 /* Sources */ = {
			isa = PBXSourcesBuildPhase;
			buildActionMask = 2147483647;
			files = (
				87624E132A9CD0F100F7D1D4 /* Contact.swift in Sources */,
				87624E0B2A9CCF1E00F7D1D4 /* ContactsFeatureTests.swift in Sources */,
				87624E122A9CD0ED00F7D1D4 /* AddContactFeature.swift in Sources */,
				87624E112A9CD0D900F7D1D4 /* ContactsFeature.swift in Sources */,
			);
			runOnlyForDeploymentPostprocessing = 0;
		};
		877CF1392A9C779100B2299F /* Sources */ = {
			isa = PBXSourcesBuildPhase;
			buildActionMask = 2147483647;
			files = (
				877CF1492A9C8CAF00B2299F /* NumberFactClient.swift in Sources */,
				877CF1402A9C779100B2299F /* CounterFeatureTests.swift in Sources */,
				877CF1462A9C77CD00B2299F /* CounterFeature.swift in Sources */,
			);
			runOnlyForDeploymentPostprocessing = 0;
		};
/* End PBXSourcesBuildPhase section */

/* Begin PBXTargetDependency section */
		87624E0D2A9CCF1E00F7D1D4 /* PBXTargetDependency */ = {
			isa = PBXTargetDependency;
			target = 8732C6092A9C452400D7F25A /* StudyTCA */;
			targetProxy = 87624E0C2A9CCF1E00F7D1D4 /* PBXContainerItemProxy */;
		};
		877CF1422A9C779100B2299F /* PBXTargetDependency */ = {
			isa = PBXTargetDependency;
			target = 8732C6092A9C452400D7F25A /* StudyTCA */;
			targetProxy = 877CF1412A9C779100B2299F /* PBXContainerItemProxy */;
		};
/* End PBXTargetDependency section */

/* Begin XCBuildConfiguration section */
		8732C6162A9C452400D7F25A /* Debug */ = {
			isa = XCBuildConfiguration;
			buildSettings = {
				ALWAYS_SEARCH_USER_PATHS = NO;
				CLANG_ANALYZER_NONNULL = YES;
				CLANG_ANALYZER_NUMBER_OBJECT_CONVERSION = YES_AGGRESSIVE;
				CLANG_CXX_LANGUAGE_STANDARD = "gnu++20";
				CLANG_ENABLE_MODULES = YES;
				CLANG_ENABLE_OBJC_ARC = YES;
				CLANG_ENABLE_OBJC_WEAK = YES;
				CLANG_WARN_BLOCK_CAPTURE_AUTORELEASING = YES;
				CLANG_WARN_BOOL_CONVERSION = YES;
				CLANG_WARN_COMMA = YES;
				CLANG_WARN_CONSTANT_CONVERSION = YES;
				CLANG_WARN_DEPRECATED_OBJC_IMPLEMENTATIONS = YES;
				CLANG_WARN_DIRECT_OBJC_ISA_USAGE = YES_ERROR;
				CLANG_WARN_DOCUMENTATION_COMMENTS = YES;
				CLANG_WARN_EMPTY_BODY = YES;
				CLANG_WARN_ENUM_CONVERSION = YES;
				CLANG_WARN_INFINITE_RECURSION = YES;
				CLANG_WARN_INT_CONVERSION = YES;
				CLANG_WARN_NON_LITERAL_NULL_CONVERSION = YES;
				CLANG_WARN_OBJC_IMPLICIT_RETAIN_SELF = YES;
				CLANG_WARN_OBJC_LITERAL_CONVERSION = YES;
				CLANG_WARN_OBJC_ROOT_CLASS = YES_ERROR;
				CLANG_WARN_QUOTED_INCLUDE_IN_FRAMEWORK_HEADER = YES;
				CLANG_WARN_RANGE_LOOP_ANALYSIS = YES;
				CLANG_WARN_STRICT_PROTOTYPES = YES;
				CLANG_WARN_SUSPICIOUS_MOVE = YES;
				CLANG_WARN_UNGUARDED_AVAILABILITY = YES_AGGRESSIVE;
				CLANG_WARN_UNREACHABLE_CODE = YES;
				CLANG_WARN__DUPLICATE_METHOD_MATCH = YES;
				COPY_PHASE_STRIP = NO;
				DEBUG_INFORMATION_FORMAT = dwarf;
				ENABLE_STRICT_OBJC_MSGSEND = YES;
				ENABLE_TESTABILITY = YES;
				GCC_C_LANGUAGE_STANDARD = gnu11;
				GCC_DYNAMIC_NO_PIC = NO;
				GCC_NO_COMMON_BLOCKS = YES;
				GCC_OPTIMIZATION_LEVEL = 0;
				GCC_PREPROCESSOR_DEFINITIONS = (
					"DEBUG=1",
					"$(inherited)",
				);
				GCC_WARN_64_TO_32_BIT_CONVERSION = YES;
				GCC_WARN_ABOUT_RETURN_TYPE = YES_ERROR;
				GCC_WARN_UNDECLARED_SELECTOR = YES;
				GCC_WARN_UNINITIALIZED_AUTOS = YES_AGGRESSIVE;
				GCC_WARN_UNUSED_FUNCTION = YES;
				GCC_WARN_UNUSED_VARIABLE = YES;
				IPHONEOS_DEPLOYMENT_TARGET = 16.4;
				MTL_ENABLE_DEBUG_INFO = INCLUDE_SOURCE;
				MTL_FAST_MATH = YES;
				ONLY_ACTIVE_ARCH = YES;
				SDKROOT = iphoneos;
				SWIFT_ACTIVE_COMPILATION_CONDITIONS = DEBUG;
				SWIFT_OPTIMIZATION_LEVEL = "-Onone";
			};
			name = Debug;
		};
		8732C6172A9C452400D7F25A /* Release */ = {
			isa = XCBuildConfiguration;
			buildSettings = {
				ALWAYS_SEARCH_USER_PATHS = NO;
				CLANG_ANALYZER_NONNULL = YES;
				CLANG_ANALYZER_NUMBER_OBJECT_CONVERSION = YES_AGGRESSIVE;
				CLANG_CXX_LANGUAGE_STANDARD = "gnu++20";
				CLANG_ENABLE_MODULES = YES;
				CLANG_ENABLE_OBJC_ARC = YES;
				CLANG_ENABLE_OBJC_WEAK = YES;
				CLANG_WARN_BLOCK_CAPTURE_AUTORELEASING = YES;
				CLANG_WARN_BOOL_CONVERSION = YES;
				CLANG_WARN_COMMA = YES;
				CLANG_WARN_CONSTANT_CONVERSION = YES;
				CLANG_WARN_DEPRECATED_OBJC_IMPLEMENTATIONS = YES;
				CLANG_WARN_DIRECT_OBJC_ISA_USAGE = YES_ERROR;
				CLANG_WARN_DOCUMENTATION_COMMENTS = YES;
				CLANG_WARN_EMPTY_BODY = YES;
				CLANG_WARN_ENUM_CONVERSION = YES;
				CLANG_WARN_INFINITE_RECURSION = YES;
				CLANG_WARN_INT_CONVERSION = YES;
				CLANG_WARN_NON_LITERAL_NULL_CONVERSION = YES;
				CLANG_WARN_OBJC_IMPLICIT_RETAIN_SELF = YES;
				CLANG_WARN_OBJC_LITERAL_CONVERSION = YES;
				CLANG_WARN_OBJC_ROOT_CLASS = YES_ERROR;
				CLANG_WARN_QUOTED_INCLUDE_IN_FRAMEWORK_HEADER = YES;
				CLANG_WARN_RANGE_LOOP_ANALYSIS = YES;
				CLANG_WARN_STRICT_PROTOTYPES = YES;
				CLANG_WARN_SUSPICIOUS_MOVE = YES;
				CLANG_WARN_UNGUARDED_AVAILABILITY = YES_AGGRESSIVE;
				CLANG_WARN_UNREACHABLE_CODE = YES;
				CLANG_WARN__DUPLICATE_METHOD_MATCH = YES;
				COPY_PHASE_STRIP = NO;
				DEBUG_INFORMATION_FORMAT = "dwarf-with-dsym";
				ENABLE_NS_ASSERTIONS = NO;
				ENABLE_STRICT_OBJC_MSGSEND = YES;
				GCC_C_LANGUAGE_STANDARD = gnu11;
				GCC_NO_COMMON_BLOCKS = YES;
				GCC_WARN_64_TO_32_BIT_CONVERSION = YES;
				GCC_WARN_ABOUT_RETURN_TYPE = YES_ERROR;
				GCC_WARN_UNDECLARED_SELECTOR = YES;
				GCC_WARN_UNINITIALIZED_AUTOS = YES_AGGRESSIVE;
				GCC_WARN_UNUSED_FUNCTION = YES;
				GCC_WARN_UNUSED_VARIABLE = YES;
				IPHONEOS_DEPLOYMENT_TARGET = 16.4;
				MTL_ENABLE_DEBUG_INFO = NO;
				MTL_FAST_MATH = YES;
				SDKROOT = iphoneos;
				SWIFT_COMPILATION_MODE = wholemodule;
				SWIFT_OPTIMIZATION_LEVEL = "-O";
				VALIDATE_PRODUCT = YES;
			};
			name = Release;
		};
		8732C6192A9C452400D7F25A /* Debug */ = {
			isa = XCBuildConfiguration;
			buildSettings = {
				ASSETCATALOG_COMPILER_APPICON_NAME = AppIcon;
				ASSETCATALOG_COMPILER_GLOBAL_ACCENT_COLOR_NAME = AccentColor;
				CODE_SIGN_STYLE = Automatic;
				CURRENT_PROJECT_VERSION = 1;
				DEVELOPMENT_ASSET_PATHS = "\"StudyTCA/Preview Content\"";
				ENABLE_PREVIEWS = YES;
				GENERATE_INFOPLIST_FILE = YES;
				INFOPLIST_FILE = StudyTCA/Info.plist;
				INFOPLIST_KEY_UIApplicationSceneManifest_Generation = YES;
				INFOPLIST_KEY_UIApplicationSupportsIndirectInputEvents = YES;
				INFOPLIST_KEY_UILaunchScreen_Generation = YES;
				INFOPLIST_KEY_UISupportedInterfaceOrientations_iPad = "UIInterfaceOrientationPortrait UIInterfaceOrientationPortraitUpsideDown UIInterfaceOrientationLandscapeLeft UIInterfaceOrientationLandscapeRight";
				INFOPLIST_KEY_UISupportedInterfaceOrientations_iPhone = "UIInterfaceOrientationPortrait UIInterfaceOrientationLandscapeLeft UIInterfaceOrientationLandscapeRight";
				LD_RUNPATH_SEARCH_PATHS = (
					"$(inherited)",
					"@executable_path/Frameworks",
				);
				MARKETING_VERSION = 1.0;
				PRODUCT_BUNDLE_IDENTIFIER = com.fdee.StudyTCA;
				PRODUCT_NAME = "$(TARGET_NAME)";
				SWIFT_EMIT_LOC_STRINGS = YES;
				SWIFT_VERSION = 5.0;
				TARGETED_DEVICE_FAMILY = "1,2";
			};
			name = Debug;
		};
		8732C61A2A9C452400D7F25A /* Release */ = {
			isa = XCBuildConfiguration;
			buildSettings = {
				ASSETCATALOG_COMPILER_APPICON_NAME = AppIcon;
				ASSETCATALOG_COMPILER_GLOBAL_ACCENT_COLOR_NAME = AccentColor;
				CODE_SIGN_STYLE = Automatic;
				CURRENT_PROJECT_VERSION = 1;
				DEVELOPMENT_ASSET_PATHS = "\"StudyTCA/Preview Content\"";
				ENABLE_PREVIEWS = YES;
				GENERATE_INFOPLIST_FILE = YES;
				INFOPLIST_FILE = StudyTCA/Info.plist;
				INFOPLIST_KEY_UIApplicationSceneManifest_Generation = YES;
				INFOPLIST_KEY_UIApplicationSupportsIndirectInputEvents = YES;
				INFOPLIST_KEY_UILaunchScreen_Generation = YES;
				INFOPLIST_KEY_UISupportedInterfaceOrientations_iPad = "UIInterfaceOrientationPortrait UIInterfaceOrientationPortraitUpsideDown UIInterfaceOrientationLandscapeLeft UIInterfaceOrientationLandscapeRight";
				INFOPLIST_KEY_UISupportedInterfaceOrientations_iPhone = "UIInterfaceOrientationPortrait UIInterfaceOrientationLandscapeLeft UIInterfaceOrientationLandscapeRight";
				LD_RUNPATH_SEARCH_PATHS = (
					"$(inherited)",
					"@executable_path/Frameworks",
				);
				MARKETING_VERSION = 1.0;
				PRODUCT_BUNDLE_IDENTIFIER = com.fdee.StudyTCA;
				PRODUCT_NAME = "$(TARGET_NAME)";
				SWIFT_EMIT_LOC_STRINGS = YES;
				SWIFT_VERSION = 5.0;
				TARGETED_DEVICE_FAMILY = "1,2";
			};
			name = Release;
		};
		87624E0E2A9CCF1E00F7D1D4 /* Debug */ = {
			isa = XCBuildConfiguration;
			buildSettings = {
				BUNDLE_LOADER = "$(TEST_HOST)";
				CODE_SIGN_STYLE = Automatic;
				CURRENT_PROJECT_VERSION = 1;
				GENERATE_INFOPLIST_FILE = YES;
				MARKETING_VERSION = 1.0;
				PRODUCT_BUNDLE_IDENTIFIER = com.fdee.ContactsFeatureTests;
				PRODUCT_NAME = "$(TARGET_NAME)";
				SWIFT_EMIT_LOC_STRINGS = NO;
				SWIFT_VERSION = 5.0;
				TARGETED_DEVICE_FAMILY = "1,2";
				TEST_HOST = "$(BUILT_PRODUCTS_DIR)/StudyTCA.app/$(BUNDLE_EXECUTABLE_FOLDER_PATH)/StudyTCA";
			};
			name = Debug;
		};
		87624E0F2A9CCF1E00F7D1D4 /* Release */ = {
			isa = XCBuildConfiguration;
			buildSettings = {
				BUNDLE_LOADER = "$(TEST_HOST)";
				CODE_SIGN_STYLE = Automatic;
				CURRENT_PROJECT_VERSION = 1;
				GENERATE_INFOPLIST_FILE = YES;
				MARKETING_VERSION = 1.0;
				PRODUCT_BUNDLE_IDENTIFIER = com.fdee.ContactsFeatureTests;
				PRODUCT_NAME = "$(TARGET_NAME)";
				SWIFT_EMIT_LOC_STRINGS = NO;
				SWIFT_VERSION = 5.0;
				TARGETED_DEVICE_FAMILY = "1,2";
				TEST_HOST = "$(BUILT_PRODUCTS_DIR)/StudyTCA.app/$(BUNDLE_EXECUTABLE_FOLDER_PATH)/StudyTCA";
			};
			name = Release;
		};
		877CF1442A9C779100B2299F /* Debug */ = {
			isa = XCBuildConfiguration;
			buildSettings = {
				BUNDLE_LOADER = "$(TEST_HOST)";
				CODE_SIGN_STYLE = Automatic;
				CURRENT_PROJECT_VERSION = 1;
				GENERATE_INFOPLIST_FILE = YES;
				MARKETING_VERSION = 1.0;
				PRODUCT_BUNDLE_IDENTIFIER = com.fdee.CounterFeatureTests;
				PRODUCT_NAME = "$(TARGET_NAME)";
				SWIFT_EMIT_LOC_STRINGS = NO;
				SWIFT_VERSION = 5.0;
				TARGETED_DEVICE_FAMILY = "1,2";
				TEST_HOST = "$(BUILT_PRODUCTS_DIR)/StudyTCA.app/$(BUNDLE_EXECUTABLE_FOLDER_PATH)/StudyTCA";
			};
			name = Debug;
		};
		877CF1452A9C779100B2299F /* Release */ = {
			isa = XCBuildConfiguration;
			buildSettings = {
				BUNDLE_LOADER = "$(TEST_HOST)";
				CODE_SIGN_STYLE = Automatic;
				CURRENT_PROJECT_VERSION = 1;
				GENERATE_INFOPLIST_FILE = YES;
				MARKETING_VERSION = 1.0;
				PRODUCT_BUNDLE_IDENTIFIER = com.fdee.CounterFeatureTests;
				PRODUCT_NAME = "$(TARGET_NAME)";
				SWIFT_EMIT_LOC_STRINGS = NO;
				SWIFT_VERSION = 5.0;
				TARGETED_DEVICE_FAMILY = "1,2";
				TEST_HOST = "$(BUILT_PRODUCTS_DIR)/StudyTCA.app/$(BUNDLE_EXECUTABLE_FOLDER_PATH)/StudyTCA";
			};
			name = Release;
		};
/* End XCBuildConfiguration section */

/* Begin XCConfigurationList section */
		8732C6052A9C452300D7F25A /* Build configuration list for PBXProject "StudyTCA" */ = {
			isa = XCConfigurationList;
			buildConfigurations = (
				8732C6162A9C452400D7F25A /* Debug */,
				8732C6172A9C452400D7F25A /* Release */,
			);
			defaultConfigurationIsVisible = 0;
			defaultConfigurationName = Release;
		};
		8732C6182A9C452400D7F25A /* Build configuration list for PBXNativeTarget "StudyTCA" */ = {
			isa = XCConfigurationList;
			buildConfigurations = (
				8732C6192A9C452400D7F25A /* Debug */,
				8732C61A2A9C452400D7F25A /* Release */,
			);
			defaultConfigurationIsVisible = 0;
			defaultConfigurationName = Release;
		};
		87624E102A9CCF1E00F7D1D4 /* Build configuration list for PBXNativeTarget "ContactsFeatureTests" */ = {
			isa = XCConfigurationList;
			buildConfigurations = (
				87624E0E2A9CCF1E00F7D1D4 /* Debug */,
				87624E0F2A9CCF1E00F7D1D4 /* Release */,
			);
			defaultConfigurationIsVisible = 0;
			defaultConfigurationName = Release;
		};
		877CF1432A9C779100B2299F /* Build configuration list for PBXNativeTarget "CounterFeatureTests" */ = {
			isa = XCConfigurationList;
			buildConfigurations = (
				877CF1442A9C779100B2299F /* Debug */,
				877CF1452A9C779100B2299F /* Release */,
			);
			defaultConfigurationIsVisible = 0;
			defaultConfigurationName = Release;
		};
/* End XCConfigurationList section */

/* Begin XCRemoteSwiftPackageReference section */
		877CF12C2A9C463800B2299F /* XCRemoteSwiftPackageReference "swift-composable-architecture" */ = {
			isa = XCRemoteSwiftPackageReference;
			repositoryURL = "http://github.com/pointfreeco/swift-composable-architecture#Installation";
			requirement = {
				kind = upToNextMajorVersion;
				minimumVersion = 1.0.0;
			};
		};
/* End XCRemoteSwiftPackageReference section */

/* Begin XCSwiftPackageProductDependency section */
		877CF12D2A9C463800B2299F /* ComposableArchitecture */ = {
			isa = XCSwiftPackageProductDependency;
			package = 877CF12C2A9C463800B2299F /* XCRemoteSwiftPackageReference "swift-composable-architecture" */;
			productName = ComposableArchitecture;
		};
/* End XCSwiftPackageProductDependency section */
	};
	rootObject = 8732C6022A9C452300D7F25A /* Project object */;
}
